{
  "requires": true,
  "lockfileVersion": 1,
  "dependencies": {
    "jslib-html5-camera-photo": {
      "version": "3.1.3",
      "resolved": "https://registry.npmjs.org/jslib-html5-camera-photo/-/jslib-html5-camera-photo-3.1.3.tgz",
      "integrity": "sha512-8vJwX0a6o82+AJur7KntGvGLYhfxN5h7HRNd77zuoLOi3/Rd+5L47gL9MwTHdtWu3J3VC3a3MuC4KiW8l8HXzA=="
    },
    "react-html5-camera-photo": {
      "version": "1.5.4",
      "resolved": "https://registry.npmjs.org/react-html5-camera-photo/-/react-html5-camera-photo-1.5.4.tgz",
      "integrity": "sha512-uourTihaJQjqfqyE/Za/SV5DcUzvxOR7Rc85CyxuB+I7p1QpE84VDKyNkr+GweJ2KkbOvWLJ5gZrenRoXLA78g==",
      "requires": {
        "jslib-html5-camera-photo": "3.1.3"
      }
    },
    "react-icons": {
      "version": "4.1.0",
      "resolved": "https://registry.npmjs.org/react-icons/-/react-icons-4.1.0.tgz",
      "integrity": "sha512-FCXBg1JbbR0vWALXIxmFAfozHdVIJmmwCD81Jk0EKOt7Ax4AdBNcaRkWhR0NaKy9ugJgoY3fFvo0PHpte55pXg=="
    }
  }
}
